
Microsoft Visual Studio Solution File, Format Version 12.00
# Visual Studio Version 16
VisualStudioVersion = 16.0.30804.86
MinimumVisualStudioVersion = 10.0.40219.1
Project("{FAE04EC0-301F-11D3-BF4B-00C04F79EFBC}") = "FontsDropper", "FontsDropper\FontsDropper.csproj", "{3AA2FF0A-8CFE-4A94-8D6C-B1C0A0E0290D}"
EndProject
Global
	GlobalSection(SolutionConfigurationPlatforms) = preSolution
		Debug|Any CPU = Debug|Any CPU
		Release|Any CPU = Release|Any CPU
	EndGlobalSection
	GlobalSection(ProjectConfigurationPlatforms) = postSolution
		{3AA2FF0A-8CFE-4A94-8D6C-B1C0A0E0290D}.Debug|Any CPU.ActiveCfg = Debug|Any CPU
		{3AA2FF0A-8CFE-4A94-8D6C-B1C0A0E0290D}.Debug|Any CPU.Build.0 = Debug|Any CPU
		{3AA2FF0A-8CFE-4A94-8D6C-B1C0A0E0290D}.Release|Any CPU.ActiveCfg = Release|Any CPU
		{3AA2FF0A-8CFE-4A94-8D6C-B1C0A0E0290D}.Release|Any CPU.Build.0 = Release|Any CPU
	EndGlobalSection
	GlobalSection(SolutionProperties) = preSolution
		HideSolutionNode = FALSE
	EndGlobalSection
	GlobalSection(ExtensibilityGlobals) = postSolution
		SolutionGuid = {8821DA9D-06A8-4A98-A02F-182E97EE61E1}
	EndGlobalSection
EndGlobal
